
Microsoft Visual Studio Solution File, Format Version 12.00
# Visual Studio Version 17
VisualStudioVersion = 17.2.32616.157
MinimumVisualStudioVersion = 10.0.40219.1
Project("{9A19103F-16F7-4668-BE54-9A1E7A4F7556}") = "Ocak4", "Ocak4\Ocak4.csproj", "{546EECF8-24B9-4F49-83E7-DCC2A6D1E73B}"
EndProject
Project("{9A19103F-16F7-4668-BE54-9A1E7A4F7556}") = "Ocak3", "Ocak3\Ocak3.csproj", "{4C88B643-B7BF-4847-AD75-94D06A4B2206}"
EndProject
Project("{9A19103F-16F7-4668-BE54-9A1E7A4F7556}") = "Ocak8", "Ocak8\Ocak8.csproj", "{9FFE8F05-8DD0-4A03-9F10-7EE164E4E564}"
EndProject
Project("{9A19103F-16F7-4668-BE54-9A1E7A4F7556}") = "Ocak5", "Ocak5\Ocak5.csproj", "{DEFD2A10-FE37-475F-90F3-7E9FFD141A89}"
EndProject
Project("{9A19103F-16F7-4668-BE54-9A1E7A4F7556}") = "Ocak9", "Ocak9\Ocak9.csproj", "{C3231C1A-257C-446C-9D6B-FCCA7F1F2DB6}"
EndProject
Project("{9A19103F-16F7-4668-BE54-9A1E7A4F7556}") = "Ocak10", "Ocak10\Ocak10.csproj", "{CD120D8A-365F-45DD-8C14-213E900D2E54}"
EndProject
Project("{9A19103F-16F7-4668-BE54-9A1E7A4F7556}") = "Ocak11", "Ocak11\Ocak11.csproj", "{3585863D-98E0-4ABA-9194-BFC13EF2B656}"
EndProject
Project("{9A19103F-16F7-4668-BE54-9A1E7A4F7556}") = "Ocak12", "Ocak12\Ocak12.csproj", "{046C51E0-C5A8-4DF2-A31C-B15B90BED01E}"
EndProject
Project("{9A19103F-16F7-4668-BE54-9A1E7A4F7556}") = "AdamAsmacaOyunu", "AdamAsmacaOyunu\AdamAsmacaOyunu.csproj", "{FB747FBD-8002-42D7-A9C1-5679A217806B}"
EndProject
Project("{9A19103F-16F7-4668-BE54-9A1E7A4F7556}") = "AdamAsmacaOyunu2.0", "AdamAsmacaOyunu2.0\AdamAsmacaOyunu2.0.csproj", "{C0DF025B-02B4-4B00-9C3F-70181330AFEB}"
EndProject
Project("{9A19103F-16F7-4668-BE54-9A1E7A4F7556}") = "ClassesOcak15", "ClassesOcak15\ClassesOcak15.csproj", "{B26FA569-0AF0-4305-A31B-92DB0C11908B}"
EndProject
Project("{9A19103F-16F7-4668-BE54-9A1E7A4F7556}") = "ClassPersonelOcak15", "ClassPersonelOcak15\ClassPersonelOcak15.csproj", "{619AFB27-FD04-45A0-AE77-9AC8E8D904A1}"
EndProject
Project("{9A19103F-16F7-4668-BE54-9A1E7A4F7556}") = "DersTekrarıOcak16", "DersTekrarıOcak16\DersTekrarıOcak16.csproj", "{3C64C861-6CF9-484F-9058-0AFA0560F0CD}"
EndProject
Project("{9A19103F-16F7-4668-BE54-9A1E7A4F7556}") = "DersTekrarı1Ocak16", "DersTekrarı1Ocak16\DersTekrarı1Ocak16.csproj", "{E3F1B67D-D324-44BF-A5D4-08F8F48AB8ED}"
EndProject
Project("{9A19103F-16F7-4668-BE54-9A1E7A4F7556}") = "DersTekrarıOcak17", "DersTekrarıOcak17\DersTekrarıOcak17.csproj", "{94679AB8-AD01-4923-B333-13DDA1CB5CF4}"
EndProject
Project("{9A19103F-16F7-4668-BE54-9A1E7A4F7556}") = "DersTekrarıOcak18", "DersTekrarıOcak18\DersTekrarıOcak18.csproj", "{6AD89011-F854-4019-90E4-A91E273176F3}"
EndProject
Project("{9A19103F-16F7-4668-BE54-9A1E7A4F7556}") = "XOXGame", "XOXGame\XOXGame.csproj", "{73DCB800-2CAD-4CF3-98A5-C86DA7EABAFD}"
EndProject
Project("{9A19103F-16F7-4668-BE54-9A1E7A4F7556}") = "atariOyunu22Ocak", "atariOyunu22Ocak\atariOyunu22Ocak.csproj", "{0C4334FD-6832-419C-A31D-6C9BEF95B206}"
EndProject
Project("{9A19103F-16F7-4668-BE54-9A1E7A4F7556}") = "Gunluk22Ocak", "Gunluk22Ocak\Gunluk22Ocak.csproj", "{64B80921-48BF-41E2-A903-FB072100F559}"
EndProject
Project("{9A19103F-16F7-4668-BE54-9A1E7A4F7556}") = "Ocak23DataErisim", "Ocak23DataErisim\Ocak23DataErisim.csproj", "{4EF7827D-188A-4576-BA79-C299AA43C556}"
EndProject
Project("{9A19103F-16F7-4668-BE54-9A1E7A4F7556}") = "Ocak23KarakterOyunu", "Ocak2023KarakterOyunu\Ocak23KarakterOyunu.csproj", "{77130381-81EB-493B-BA5B-04853F919C44}"
EndProject
Project("{9A19103F-16F7-4668-BE54-9A1E7A4F7556}") = "24OcakEnum", "24OcakEnum\24OcakEnum.csproj", "{66ECB4DB-B7B1-42A4-948F-57D5E9AEA2B0}"
EndProject
Project("{9A19103F-16F7-4668-BE54-9A1E7A4F7556}") = "Ocak24EmlakOtomasyonu", "Ocak24YemekOtomasyonu\Ocak24EmlakOtomasyonu.csproj", "{FBAC81C1-A421-4E3F-A4A6-AE75C5B222D9}"
EndProject
Project("{9A19103F-16F7-4668-BE54-9A1E7A4F7556}") = "25OcakSerialize", "25OcakSerialize\25OcakSerialize.csproj", "{B1BED6D4-6981-4AE7-940B-1107143E55B6}"
EndProject
Project("{9A19103F-16F7-4668-BE54-9A1E7A4F7556}") = "25OcakAtmSerialize", "25OcakAtmSerialize\25OcakAtmSerialize.csproj", "{2B9F74E7-3D58-43F5-ACDF-7F1D8C4E0D13}"
EndProject
Project("{2150E333-8FDC-42A3-9474-1A3956D46DE8}") = "Services", "Services", "{896DB6AE-6D24-49E7-90D9-0FD8A7207B34}"
EndProject
Project("{9A19103F-16F7-4668-BE54-9A1E7A4F7556}") = "XmlSerialization", "XmlSerialization\XmlSerialization.csproj", "{86C0CA82-1934-4375-BD8E-47A9B68F5846}"
EndProject
Project("{9A19103F-16F7-4668-BE54-9A1E7A4F7556}") = "BinarySerialization", "BinarySerialization\BinarySerialization.csproj", "{AA235792-C7C0-43B1-A225-163334E5DD8D}"
EndProject
Project("{9A19103F-16F7-4668-BE54-9A1E7A4F7556}") = "JsonSerialization", "JsonSerialization\JsonSerialization.csproj", "{2D141C79-E89E-4EAA-B832-5F96A4E9EC83}"
EndProject
Project("{9A19103F-16F7-4668-BE54-9A1E7A4F7556}") = "ServiceApp", "ServiceApp\ServiceApp.csproj", "{ED1E0B22-AB45-438E-96A2-2AAC0CFDD038}"
EndProject
Project("{9A19103F-16F7-4668-BE54-9A1E7A4F7556}") = "ServiceLib", "ServiceLib\ServiceLib.csproj", "{EA9EA260-9F1C-4E12-AC54-1C204D0D4AEE}"
EndProject
Project("{9A19103F-16F7-4668-BE54-9A1E7A4F7556}") = "29OcakGenerics", "29OcakGenerics\29OcakGenerics.csproj", "{0FF4CCDA-CCA1-466F-9A94-2BBD9962F272}"
EndProject
Project("{9A19103F-16F7-4668-BE54-9A1E7A4F7556}") = "29OcakSerializegeneric", "29OcakSerializegeneric\29OcakSerializegeneric.csproj", "{A4BAA67A-2B0B-4989-8B59-2904255F95AE}"
EndProject
Project("{9A19103F-16F7-4668-BE54-9A1E7A4F7556}") = "29OcakGeneric", "29OcakGeneric\29OcakGeneric.csproj", "{B48F5FB0-5100-4D59-9C75-EFD53FD8F655}"
EndProject
Project("{9A19103F-16F7-4668-BE54-9A1E7A4F7556}") = "30OcakFormUygulaması", "30OcakFormUygulaması\30OcakFormUygulaması.csproj", "{5FE5F74E-986B-4C1B-8627-374B5A43F663}"
EndProject
Project("{9A19103F-16F7-4668-BE54-9A1E7A4F7556}") = "FormGunluk", "FormGunluk\FormGunluk.csproj", "{357304AE-4699-49A4-8FAD-7015010F984C}"
EndProject
Project("{9A19103F-16F7-4668-BE54-9A1E7A4F7556}") = "31OcakTimer", "31OcakTimer\31OcakTimer.csproj", "{4F1C6413-9ADD-42E6-B988-C4E0AED04CAF}"
EndProject
Project("{9A19103F-16F7-4668-BE54-9A1E7A4F7556}") = "31OcakSatranc", "31OcakSatranc\31OcakSatranc.csproj", "{103564C6-9F41-4C8F-BBA1-682658AFB676}"
EndProject
Project("{9A19103F-16F7-4668-BE54-9A1E7A4F7556}") = "31OcakAdamAsmacaForm", "AdamAsmacaForm\31OcakAdamAsmacaForm.csproj", "{811C0101-A117-42BA-830C-774EFCB00344}"
EndProject
Project("{9A19103F-16F7-4668-BE54-9A1E7A4F7556}") = "1SubatDosyalama", "1SubatDosyalama\1SubatDosyalama.csproj", "{C883790D-6A82-41C7-B602-2CE04EA6FE43}"
EndProject
Project("{9A19103F-16F7-4668-BE54-9A1E7A4F7556}") = "1SubatTelefonRehberiForm", "1SubatTelefonRehberiForm\1SubatTelefonRehberiForm.csproj", "{FC5B49F1-91F6-4D2B-BD4F-4023A081E835}"
EndProject
Project("{9A19103F-16F7-4668-BE54-9A1E7A4F7556}") = "2SubatRestoran", "2SubatRestoran\2SubatRestoran.csproj", "{41E38ACF-1B9D-481D-A352-043284642407}"
EndProject
Project("{9A19103F-16F7-4668-BE54-9A1E7A4F7556}") = "Subat5KullaniciOOP", "Subat5KullaniciOOP\Subat5KullaniciOOP.csproj", "{981EFEA8-05D4-49C0-BB56-6534A76CB46A}"
EndProject
Project("{9A19103F-16F7-4668-BE54-9A1E7A4F7556}") = "2SubatOkulSistemiForm", "2SubatOkulSistemiForm\2SubatOkulSistemiForm.csproj", "{77793A6C-316D-43C0-BEDD-E6BE1BB6C1B1}"
EndProject
Project("{9A19103F-16F7-4668-BE54-9A1E7A4F7556}") = "6SubatLogger", "6SubatLogger\6SubatLogger.csproj", "{A0651C37-7F0F-4542-BDC0-9FEC51BFCBE1}"
EndProject
Project("{9A19103F-16F7-4668-BE54-9A1E7A4F7556}") = "1ADeneme", "1ADeneme\1ADeneme.csproj", "{33938514-DC8D-4D1A-89DD-3432601F96CA}"
EndProject
Project("{9A19103F-16F7-4668-BE54-9A1E7A4F7556}") = "Subat6KitapStokYonetim", "Subat6KitapStokYonetim\Subat6KitapStokYonetim.csproj", "{9775077D-72B5-423F-9F73-3A43A45BB6DE}"
EndProject
Project("{9A19103F-16F7-4668-BE54-9A1E7A4F7556}") = "DataAccessLayer", "Subat6KitapStokYonetim\DataAccessLayer\DataAccessLayer.csproj", "{A6B6F925-97A4-406E-9003-8A311E05076D}"
EndProject
Project("{9A19103F-16F7-4668-BE54-9A1E7A4F7556}") = "Subat8Delegate", "Subat8Delegate\Subat8Delegate.csproj", "{677D2191-F939-48BE-A2DB-32EB5D8FB886}"
EndProject
Project("{9A19103F-16F7-4668-BE54-9A1E7A4F7556}") = "Subat9Delegates", "Subat9Delegates\Subat9Delegates.csproj", "{C0D8EEF2-0707-46A8-A13E-0F99110C5817}"
EndProject
Project("{9A19103F-16F7-4668-BE54-9A1E7A4F7556}") = "Subat9Anakart", "Subat9Anakart\Subat9Anakart.csproj", "{07BADDA5-8937-4517-A3C4-8E1F26171428}"
EndProject
Project("{9A19103F-16F7-4668-BE54-9A1E7A4F7556}") = "Subat9Dondurma", "Subat9Dondurma\Subat9Dondurma.csproj", "{D0728376-3230-40FB-96F6-1F99411AB2E5}"
EndProject
Project("{9A19103F-16F7-4668-BE54-9A1E7A4F7556}") = "ArabaYonetimSistemiOOP", "ArabaYonetimSistemiOOP\ArabaYonetimSistemiOOP.csproj", "{A3432ADF-5E49-4B25-815B-84A20F22CEA6}"
EndProject
Project("{9A19103F-16F7-4668-BE54-9A1E7A4F7556}") = "OkulYonetimSistemi", "OkulYonetimSistemi\OkulYonetimSistemi.csproj", "{8A776B4B-1FB6-4560-8359-805AF3598D70}"
EndProject
Project("{2150E333-8FDC-42A3-9474-1A3956D46DE8}") = "Library", "Library", "{45B2435A-C737-4977-9B80-3DAD995D35A7}"
EndProject
Project("{9A19103F-16F7-4668-BE54-9A1E7A4F7556}") = "Binalar", "Binalar\Binalar.csproj", "{68CFCCA9-B476-47E3-8A82-2DBDA687D92C}"
EndProject
Project("{9A19103F-16F7-4668-BE54-9A1E7A4F7556}") = "Yerlesim", "Yerlesim\Yerlesim.csproj", "{B4D7B4BF-FE1A-4507-B2B2-A1A06B204644}"
EndProject
Project("{9A19103F-16F7-4668-BE54-9A1E7A4F7556}") = "EtkinlikAlanlari", "Etkinlikalanlari\EtkinlikAlanlari.csproj", "{A4C19A67-8A55-4625-BCB5-6E14C94CBB9D}"
EndProject
Project("{9A19103F-16F7-4668-BE54-9A1E7A4F7556}") = "Kurumlar", "Kurumlar\Kurumlar.csproj", "{2560323A-CB1B-4832-B592-7AD5035AFFEE}"
EndProject
Project("{9A19103F-16F7-4668-BE54-9A1E7A4F7556}") = "Materyaller", "Materyaller\Materyaller.csproj", "{AB8EB88C-A374-481E-955C-93BBA08C051C}"
EndProject
Project("{9A19103F-16F7-4668-BE54-9A1E7A4F7556}") = "Kisiler", "Kisiler\Kisiler.csproj", "{311D8E02-2E72-4753-87BC-CC54C344F662}"
EndProject
Project("{9A19103F-16F7-4668-BE54-9A1E7A4F7556}") = "RestoranApp", "RestoranApp\RestoranApp.csproj", "{E83D5C49-AF6F-42D4-B471-9D5278B6FC31}"
EndProject
Project("{FAE04EC0-301F-11D3-BF4B-00C04F79EFBC}") = "RandomGrupOlusturma", "RandomGrupOlusturma\RandomGrupOlusturma.csproj", "{640DDCB4-FE26-4EC5-853A-1C510E5D8FF8}"
EndProject
Global
	GlobalSection(SolutionConfigurationPlatforms) = preSolution
		Debug|Any CPU = Debug|Any CPU
		Release|Any CPU = Release|Any CPU
	EndGlobalSection
	GlobalSection(ProjectConfigurationPlatforms) = postSolution
		{546EECF8-24B9-4F49-83E7-DCC2A6D1E73B}.Debug|Any CPU.ActiveCfg = Debug|Any CPU
		{546EECF8-24B9-4F49-83E7-DCC2A6D1E73B}.Debug|Any CPU.Build.0 = Debug|Any CPU
		{546EECF8-24B9-4F49-83E7-DCC2A6D1E73B}.Release|Any CPU.ActiveCfg = Release|Any CPU
		{546EECF8-24B9-4F49-83E7-DCC2A6D1E73B}.Release|Any CPU.Build.0 = Release|Any CPU
		{4C88B643-B7BF-4847-AD75-94D06A4B2206}.Debug|Any CPU.ActiveCfg = Debug|Any CPU
		{4C88B643-B7BF-4847-AD75-94D06A4B2206}.Debug|Any CPU.Build.0 = Debug|Any CPU
		{4C88B643-B7BF-4847-AD75-94D06A4B2206}.Release|Any CPU.ActiveCfg = Release|Any CPU
		{4C88B643-B7BF-4847-AD75-94D06A4B2206}.Release|Any CPU.Build.0 = Release|Any CPU
		{9FFE8F05-8DD0-4A03-9F10-7EE164E4E564}.Debug|Any CPU.ActiveCfg = Debug|Any CPU
		{9FFE8F05-8DD0-4A03-9F10-7EE164E4E564}.Debug|Any CPU.Build.0 = Debug|Any CPU
		{9FFE8F05-8DD0-4A03-9F10-7EE164E4E564}.Release|Any CPU.ActiveCfg = Release|Any CPU
		{9FFE8F05-8DD0-4A03-9F10-7EE164E4E564}.Release|Any CPU.Build.0 = Release|Any CPU
		{DEFD2A10-FE37-475F-90F3-7E9FFD141A89}.Debug|Any CPU.ActiveCfg = Debug|Any CPU
		{DEFD2A10-FE37-475F-90F3-7E9FFD141A89}.Debug|Any CPU.Build.0 = Debug|Any CPU
		{DEFD2A10-FE37-475F-90F3-7E9FFD141A89}.Release|Any CPU.ActiveCfg = Release|Any CPU
		{DEFD2A10-FE37-475F-90F3-7E9FFD141A89}.Release|Any CPU.Build.0 = Release|Any CPU
		{C3231C1A-257C-446C-9D6B-FCCA7F1F2DB6}.Debug|Any CPU.ActiveCfg = Debug|Any CPU
		{C3231C1A-257C-446C-9D6B-FCCA7F1F2DB6}.Debug|Any CPU.Build.0 = Debug|Any CPU
		{C3231C1A-257C-446C-9D6B-FCCA7F1F2DB6}.Release|Any CPU.ActiveCfg = Release|Any CPU
		{C3231C1A-257C-446C-9D6B-FCCA7F1F2DB6}.Release|Any CPU.Build.0 = Release|Any CPU
		{CD120D8A-365F-45DD-8C14-213E900D2E54}.Debug|Any CPU.ActiveCfg = Debug|Any CPU
		{CD120D8A-365F-45DD-8C14-213E900D2E54}.Debug|Any CPU.Build.0 = Debug|Any CPU
		{CD120D8A-365F-45DD-8C14-213E900D2E54}.Release|Any CPU.ActiveCfg = Release|Any CPU
		{CD120D8A-365F-45DD-8C14-213E900D2E54}.Release|Any CPU.Build.0 = Release|Any CPU
		{3585863D-98E0-4ABA-9194-BFC13EF2B656}.Debug|Any CPU.ActiveCfg = Debug|Any CPU
		{3585863D-98E0-4ABA-9194-BFC13EF2B656}.Debug|Any CPU.Build.0 = Debug|Any CPU
		{3585863D-98E0-4ABA-9194-BFC13EF2B656}.Release|Any CPU.ActiveCfg = Release|Any CPU
		{3585863D-98E0-4ABA-9194-BFC13EF2B656}.Release|Any CPU.Build.0 = Release|Any CPU
		{046C51E0-C5A8-4DF2-A31C-B15B90BED01E}.Debug|Any CPU.ActiveCfg = Debug|Any CPU
		{046C51E0-C5A8-4DF2-A31C-B15B90BED01E}.Debug|Any CPU.Build.0 = Debug|Any CPU
		{046C51E0-C5A8-4DF2-A31C-B15B90BED01E}.Release|Any CPU.ActiveCfg = Release|Any CPU
		{046C51E0-C5A8-4DF2-A31C-B15B90BED01E}.Release|Any CPU.Build.0 = Release|Any CPU
		{FB747FBD-8002-42D7-A9C1-5679A217806B}.Debug|Any CPU.ActiveCfg = Debug|Any CPU
		{FB747FBD-8002-42D7-A9C1-5679A217806B}.Debug|Any CPU.Build.0 = Debug|Any CPU
		{FB747FBD-8002-42D7-A9C1-5679A217806B}.Release|Any CPU.ActiveCfg = Release|Any CPU
		{FB747FBD-8002-42D7-A9C1-5679A217806B}.Release|Any CPU.Build.0 = Release|Any CPU
		{C0DF025B-02B4-4B00-9C3F-70181330AFEB}.Debug|Any CPU.ActiveCfg = Debug|Any CPU
		{C0DF025B-02B4-4B00-9C3F-70181330AFEB}.Debug|Any CPU.Build.0 = Debug|Any CPU
		{C0DF025B-02B4-4B00-9C3F-70181330AFEB}.Release|Any CPU.ActiveCfg = Release|Any CPU
		{C0DF025B-02B4-4B00-9C3F-70181330AFEB}.Release|Any CPU.Build.0 = Release|Any CPU
		{B26FA569-0AF0-4305-A31B-92DB0C11908B}.Debug|Any CPU.ActiveCfg = Debug|Any CPU
		{B26FA569-0AF0-4305-A31B-92DB0C11908B}.Debug|Any CPU.Build.0 = Debug|Any CPU
		{B26FA569-0AF0-4305-A31B-92DB0C11908B}.Release|Any CPU.ActiveCfg = Release|Any CPU
		{B26FA569-0AF0-4305-A31B-92DB0C11908B}.Release|Any CPU.Build.0 = Release|Any CPU
		{619AFB27-FD04-45A0-AE77-9AC8E8D904A1}.Debug|Any CPU.ActiveCfg = Debug|Any CPU
		{619AFB27-FD04-45A0-AE77-9AC8E8D904A1}.Debug|Any CPU.Build.0 = Debug|Any CPU
		{619AFB27-FD04-45A0-AE77-9AC8E8D904A1}.Release|Any CPU.ActiveCfg = Release|Any CPU
		{619AFB27-FD04-45A0-AE77-9AC8E8D904A1}.Release|Any CPU.Build.0 = Release|Any CPU
		{3C64C861-6CF9-484F-9058-0AFA0560F0CD}.Debug|Any CPU.ActiveCfg = Debug|Any CPU
		{3C64C861-6CF9-484F-9058-0AFA0560F0CD}.Debug|Any CPU.Build.0 = Debug|Any CPU
		{3C64C861-6CF9-484F-9058-0AFA0560F0CD}.Release|Any CPU.ActiveCfg = Release|Any CPU
		{3C64C861-6CF9-484F-9058-0AFA0560F0CD}.Release|Any CPU.Build.0 = Release|Any CPU
		{E3F1B67D-D324-44BF-A5D4-08F8F48AB8ED}.Debug|Any CPU.ActiveCfg = Debug|Any CPU
		{E3F1B67D-D324-44BF-A5D4-08F8F48AB8ED}.Debug|Any CPU.Build.0 = Debug|Any CPU
		{E3F1B67D-D324-44BF-A5D4-08F8F48AB8ED}.Release|Any CPU.ActiveCfg = Release|Any CPU
		{E3F1B67D-D324-44BF-A5D4-08F8F48AB8ED}.Release|Any CPU.Build.0 = Release|Any CPU
		{94679AB8-AD01-4923-B333-13DDA1CB5CF4}.Debug|Any CPU.ActiveCfg = Debug|Any CPU
		{94679AB8-AD01-4923-B333-13DDA1CB5CF4}.Debug|Any CPU.Build.0 = Debug|Any CPU
		{94679AB8-AD01-4923-B333-13DDA1CB5CF4}.Release|Any CPU.ActiveCfg = Release|Any CPU
		{94679AB8-AD01-4923-B333-13DDA1CB5CF4}.Release|Any CPU.Build.0 = Release|Any CPU
		{6AD89011-F854-4019-90E4-A91E273176F3}.Debug|Any CPU.ActiveCfg = Debug|Any CPU
		{6AD89011-F854-4019-90E4-A91E273176F3}.Debug|Any CPU.Build.0 = Debug|Any CPU
		{6AD89011-F854-4019-90E4-A91E273176F3}.Release|Any CPU.ActiveCfg = Release|Any CPU
		{6AD89011-F854-4019-90E4-A91E273176F3}.Release|Any CPU.Build.0 = Release|Any CPU
		{73DCB800-2CAD-4CF3-98A5-C86DA7EABAFD}.Debug|Any CPU.ActiveCfg = Debug|Any CPU
		{73DCB800-2CAD-4CF3-98A5-C86DA7EABAFD}.Debug|Any CPU.Build.0 = Debug|Any CPU
		{73DCB800-2CAD-4CF3-98A5-C86DA7EABAFD}.Release|Any CPU.ActiveCfg = Release|Any CPU
		{73DCB800-2CAD-4CF3-98A5-C86DA7EABAFD}.Release|Any CPU.Build.0 = Release|Any CPU
		{0C4334FD-6832-419C-A31D-6C9BEF95B206}.Debug|Any CPU.ActiveCfg = Debug|Any CPU
		{0C4334FD-6832-419C-A31D-6C9BEF95B206}.Debug|Any CPU.Build.0 = Debug|Any CPU
		{0C4334FD-6832-419C-A31D-6C9BEF95B206}.Release|Any CPU.ActiveCfg = Release|Any CPU
		{0C4334FD-6832-419C-A31D-6C9BEF95B206}.Release|Any CPU.Build.0 = Release|Any CPU
		{64B80921-48BF-41E2-A903-FB072100F559}.Debug|Any CPU.ActiveCfg = Debug|Any CPU
		{64B80921-48BF-41E2-A903-FB072100F559}.Debug|Any CPU.Build.0 = Debug|Any CPU
		{64B80921-48BF-41E2-A903-FB072100F559}.Release|Any CPU.ActiveCfg = Release|Any CPU
		{64B80921-48BF-41E2-A903-FB072100F559}.Release|Any CPU.Build.0 = Release|Any CPU
		{4EF7827D-188A-4576-BA79-C299AA43C556}.Debug|Any CPU.ActiveCfg = Debug|Any CPU
		{4EF7827D-188A-4576-BA79-C299AA43C556}.Debug|Any CPU.Build.0 = Debug|Any CPU
		{4EF7827D-188A-4576-BA79-C299AA43C556}.Release|Any CPU.ActiveCfg = Release|Any CPU
		{4EF7827D-188A-4576-BA79-C299AA43C556}.Release|Any CPU.Build.0 = Release|Any CPU
		{77130381-81EB-493B-BA5B-04853F919C44}.Debug|Any CPU.ActiveCfg = Debug|Any CPU
		{77130381-81EB-493B-BA5B-04853F919C44}.Debug|Any CPU.Build.0 = Debug|Any CPU
		{77130381-81EB-493B-BA5B-04853F919C44}.Release|Any CPU.ActiveCfg = Release|Any CPU
		{77130381-81EB-493B-BA5B-04853F919C44}.Release|Any CPU.Build.0 = Release|Any CPU
		{66ECB4DB-B7B1-42A4-948F-57D5E9AEA2B0}.Debug|Any CPU.ActiveCfg = Debug|Any CPU
		{66ECB4DB-B7B1-42A4-948F-57D5E9AEA2B0}.Debug|Any CPU.Build.0 = Debug|Any CPU
		{66ECB4DB-B7B1-42A4-948F-57D5E9AEA2B0}.Release|Any CPU.ActiveCfg = Release|Any CPU
		{66ECB4DB-B7B1-42A4-948F-57D5E9AEA2B0}.Release|Any CPU.Build.0 = Release|Any CPU
		{FBAC81C1-A421-4E3F-A4A6-AE75C5B222D9}.Debug|Any CPU.ActiveCfg = Debug|Any CPU
		{FBAC81C1-A421-4E3F-A4A6-AE75C5B222D9}.Debug|Any CPU.Build.0 = Debug|Any CPU
		{FBAC81C1-A421-4E3F-A4A6-AE75C5B222D9}.Release|Any CPU.ActiveCfg = Release|Any CPU
		{FBAC81C1-A421-4E3F-A4A6-AE75C5B222D9}.Release|Any CPU.Build.0 = Release|Any CPU
		{B1BED6D4-6981-4AE7-940B-1107143E55B6}.Debug|Any CPU.ActiveCfg = Debug|Any CPU
		{B1BED6D4-6981-4AE7-940B-1107143E55B6}.Debug|Any CPU.Build.0 = Debug|Any CPU
		{B1BED6D4-6981-4AE7-940B-1107143E55B6}.Release|Any CPU.ActiveCfg = Release|Any CPU
		{B1BED6D4-6981-4AE7-940B-1107143E55B6}.Release|Any CPU.Build.0 = Release|Any CPU
		{2B9F74E7-3D58-43F5-ACDF-7F1D8C4E0D13}.Debug|Any CPU.ActiveCfg = Debug|Any CPU
		{2B9F74E7-3D58-43F5-ACDF-7F1D8C4E0D13}.Debug|Any CPU.Build.0 = Debug|Any CPU
		{2B9F74E7-3D58-43F5-ACDF-7F1D8C4E0D13}.Release|Any CPU.ActiveCfg = Release|Any CPU
		{2B9F74E7-3D58-43F5-ACDF-7F1D8C4E0D13}.Release|Any CPU.Build.0 = Release|Any CPU
		{86C0CA82-1934-4375-BD8E-47A9B68F5846}.Debug|Any CPU.ActiveCfg = Debug|Any CPU
		{86C0CA82-1934-4375-BD8E-47A9B68F5846}.Debug|Any CPU.Build.0 = Debug|Any CPU
		{86C0CA82-1934-4375-BD8E-47A9B68F5846}.Release|Any CPU.ActiveCfg = Release|Any CPU
		{86C0CA82-1934-4375-BD8E-47A9B68F5846}.Release|Any CPU.Build.0 = Release|Any CPU
		{AA235792-C7C0-43B1-A225-163334E5DD8D}.Debug|Any CPU.ActiveCfg = Debug|Any CPU
		{AA235792-C7C0-43B1-A225-163334E5DD8D}.Debug|Any CPU.Build.0 = Debug|Any CPU
		{AA235792-C7C0-43B1-A225-163334E5DD8D}.Release|Any CPU.ActiveCfg = Release|Any CPU
		{AA235792-C7C0-43B1-A225-163334E5DD8D}.Release|Any CPU.Build.0 = Release|Any CPU
		{2D141C79-E89E-4EAA-B832-5F96A4E9EC83}.Debug|Any CPU.ActiveCfg = Debug|Any CPU
		{2D141C79-E89E-4EAA-B832-5F96A4E9EC83}.Debug|Any CPU.Build.0 = Debug|Any CPU
		{2D141C79-E89E-4EAA-B832-5F96A4E9EC83}.Release|Any CPU.ActiveCfg = Release|Any CPU
		{2D141C79-E89E-4EAA-B832-5F96A4E9EC83}.Release|Any CPU.Build.0 = Release|Any CPU
		{ED1E0B22-AB45-438E-96A2-2AAC0CFDD038}.Debug|Any CPU.ActiveCfg = Debug|Any CPU
		{ED1E0B22-AB45-438E-96A2-2AAC0CFDD038}.Debug|Any CPU.Build.0 = Debug|Any CPU
		{ED1E0B22-AB45-438E-96A2-2AAC0CFDD038}.Release|Any CPU.ActiveCfg = Release|Any CPU
		{ED1E0B22-AB45-438E-96A2-2AAC0CFDD038}.Release|Any CPU.Build.0 = Release|Any CPU
		{EA9EA260-9F1C-4E12-AC54-1C204D0D4AEE}.Debug|Any CPU.ActiveCfg = Debug|Any CPU
		{EA9EA260-9F1C-4E12-AC54-1C204D0D4AEE}.Debug|Any CPU.Build.0 = Debug|Any CPU
		{EA9EA260-9F1C-4E12-AC54-1C204D0D4AEE}.Release|Any CPU.ActiveCfg = Release|Any CPU
		{EA9EA260-9F1C-4E12-AC54-1C204D0D4AEE}.Release|Any CPU.Build.0 = Release|Any CPU
		{0FF4CCDA-CCA1-466F-9A94-2BBD9962F272}.Debug|Any CPU.ActiveCfg = Debug|Any CPU
		{0FF4CCDA-CCA1-466F-9A94-2BBD9962F272}.Debug|Any CPU.Build.0 = Debug|Any CPU
		{0FF4CCDA-CCA1-466F-9A94-2BBD9962F272}.Release|Any CPU.ActiveCfg = Release|Any CPU
		{0FF4CCDA-CCA1-466F-9A94-2BBD9962F272}.Release|Any CPU.Build.0 = Release|Any CPU
		{A4BAA67A-2B0B-4989-8B59-2904255F95AE}.Debug|Any CPU.ActiveCfg = Debug|Any CPU
		{A4BAA67A-2B0B-4989-8B59-2904255F95AE}.Debug|Any CPU.Build.0 = Debug|Any CPU
		{A4BAA67A-2B0B-4989-8B59-2904255F95AE}.Release|Any CPU.ActiveCfg = Release|Any CPU
		{A4BAA67A-2B0B-4989-8B59-2904255F95AE}.Release|Any CPU.Build.0 = Release|Any CPU
		{B48F5FB0-5100-4D59-9C75-EFD53FD8F655}.Debug|Any CPU.ActiveCfg = Debug|Any CPU
		{B48F5FB0-5100-4D59-9C75-EFD53FD8F655}.Debug|Any CPU.Build.0 = Debug|Any CPU
		{B48F5FB0-5100-4D59-9C75-EFD53FD8F655}.Release|Any CPU.ActiveCfg = Release|Any CPU
		{B48F5FB0-5100-4D59-9C75-EFD53FD8F655}.Release|Any CPU.Build.0 = Release|Any CPU
		{5FE5F74E-986B-4C1B-8627-374B5A43F663}.Debug|Any CPU.ActiveCfg = Debug|Any CPU
		{5FE5F74E-986B-4C1B-8627-374B5A43F663}.Debug|Any CPU.Build.0 = Debug|Any CPU
		{5FE5F74E-986B-4C1B-8627-374B5A43F663}.Release|Any CPU.ActiveCfg = Release|Any CPU
		{5FE5F74E-986B-4C1B-8627-374B5A43F663}.Release|Any CPU.Build.0 = Release|Any CPU
		{357304AE-4699-49A4-8FAD-7015010F984C}.Debug|Any CPU.ActiveCfg = Debug|Any CPU
		{357304AE-4699-49A4-8FAD-7015010F984C}.Debug|Any CPU.Build.0 = Debug|Any CPU
		{357304AE-4699-49A4-8FAD-7015010F984C}.Release|Any CPU.ActiveCfg = Release|Any CPU
		{357304AE-4699-49A4-8FAD-7015010F984C}.Release|Any CPU.Build.0 = Release|Any CPU
		{4F1C6413-9ADD-42E6-B988-C4E0AED04CAF}.Debug|Any CPU.ActiveCfg = Debug|Any CPU
		{4F1C6413-9ADD-42E6-B988-C4E0AED04CAF}.Debug|Any CPU.Build.0 = Debug|Any CPU
		{4F1C6413-9ADD-42E6-B988-C4E0AED04CAF}.Release|Any CPU.ActiveCfg = Release|Any CPU
		{4F1C6413-9ADD-42E6-B988-C4E0AED04CAF}.Release|Any CPU.Build.0 = Release|Any CPU
		{103564C6-9F41-4C8F-BBA1-682658AFB676}.Debug|Any CPU.ActiveCfg = Debug|Any CPU
		{103564C6-9F41-4C8F-BBA1-682658AFB676}.Debug|Any CPU.Build.0 = Debug|Any CPU
		{103564C6-9F41-4C8F-BBA1-682658AFB676}.Release|Any CPU.ActiveCfg = Release|Any CPU
		{103564C6-9F41-4C8F-BBA1-682658AFB676}.Release|Any CPU.Build.0 = Release|Any CPU
		{811C0101-A117-42BA-830C-774EFCB00344}.Debug|Any CPU.ActiveCfg = Debug|Any CPU
		{811C0101-A117-42BA-830C-774EFCB00344}.Debug|Any CPU.Build.0 = Debug|Any CPU
		{811C0101-A117-42BA-830C-774EFCB00344}.Release|Any CPU.ActiveCfg = Release|Any CPU
		{811C0101-A117-42BA-830C-774EFCB00344}.Release|Any CPU.Build.0 = Release|Any CPU
		{C883790D-6A82-41C7-B602-2CE04EA6FE43}.Debug|Any CPU.ActiveCfg = Debug|Any CPU
		{C883790D-6A82-41C7-B602-2CE04EA6FE43}.Debug|Any CPU.Build.0 = Debug|Any CPU
		{C883790D-6A82-41C7-B602-2CE04EA6FE43}.Release|Any CPU.ActiveCfg = Release|Any CPU
		{C883790D-6A82-41C7-B602-2CE04EA6FE43}.Release|Any CPU.Build.0 = Release|Any CPU
		{FC5B49F1-91F6-4D2B-BD4F-4023A081E835}.Debug|Any CPU.ActiveCfg = Debug|Any CPU
		{FC5B49F1-91F6-4D2B-BD4F-4023A081E835}.Debug|Any CPU.Build.0 = Debug|Any CPU
		{FC5B49F1-91F6-4D2B-BD4F-4023A081E835}.Release|Any CPU.ActiveCfg = Release|Any CPU
		{FC5B49F1-91F6-4D2B-BD4F-4023A081E835}.Release|Any CPU.Build.0 = Release|Any CPU
		{41E38ACF-1B9D-481D-A352-043284642407}.Debug|Any CPU.ActiveCfg = Debug|Any CPU
		{41E38ACF-1B9D-481D-A352-043284642407}.Debug|Any CPU.Build.0 = Debug|Any CPU
		{41E38ACF-1B9D-481D-A352-043284642407}.Release|Any CPU.ActiveCfg = Release|Any CPU
		{41E38ACF-1B9D-481D-A352-043284642407}.Release|Any CPU.Build.0 = Release|Any CPU
		{981EFEA8-05D4-49C0-BB56-6534A76CB46A}.Debug|Any CPU.ActiveCfg = Debug|Any CPU
		{981EFEA8-05D4-49C0-BB56-6534A76CB46A}.Debug|Any CPU.Build.0 = Debug|Any CPU
		{981EFEA8-05D4-49C0-BB56-6534A76CB46A}.Release|Any CPU.ActiveCfg = Release|Any CPU
		{981EFEA8-05D4-49C0-BB56-6534A76CB46A}.Release|Any CPU.Build.0 = Release|Any CPU
		{77793A6C-316D-43C0-BEDD-E6BE1BB6C1B1}.Debug|Any CPU.ActiveCfg = Debug|Any CPU
		{77793A6C-316D-43C0-BEDD-E6BE1BB6C1B1}.Debug|Any CPU.Build.0 = Debug|Any CPU
		{77793A6C-316D-43C0-BEDD-E6BE1BB6C1B1}.Release|Any CPU.ActiveCfg = Release|Any CPU
		{77793A6C-316D-43C0-BEDD-E6BE1BB6C1B1}.Release|Any CPU.Build.0 = Release|Any CPU
		{A0651C37-7F0F-4542-BDC0-9FEC51BFCBE1}.Debug|Any CPU.ActiveCfg = Debug|Any CPU
		{A0651C37-7F0F-4542-BDC0-9FEC51BFCBE1}.Debug|Any CPU.Build.0 = Debug|Any CPU
		{A0651C37-7F0F-4542-BDC0-9FEC51BFCBE1}.Release|Any CPU.ActiveCfg = Release|Any CPU
		{A0651C37-7F0F-4542-BDC0-9FEC51BFCBE1}.Release|Any CPU.Build.0 = Release|Any CPU
		{33938514-DC8D-4D1A-89DD-3432601F96CA}.Debug|Any CPU.ActiveCfg = Debug|Any CPU
		{33938514-DC8D-4D1A-89DD-3432601F96CA}.Debug|Any CPU.Build.0 = Debug|Any CPU
		{33938514-DC8D-4D1A-89DD-3432601F96CA}.Release|Any CPU.ActiveCfg = Release|Any CPU
		{33938514-DC8D-4D1A-89DD-3432601F96CA}.Release|Any CPU.Build.0 = Release|Any CPU
		{9775077D-72B5-423F-9F73-3A43A45BB6DE}.Debug|Any CPU.ActiveCfg = Debug|Any CPU
		{9775077D-72B5-423F-9F73-3A43A45BB6DE}.Debug|Any CPU.Build.0 = Debug|Any CPU
		{9775077D-72B5-423F-9F73-3A43A45BB6DE}.Release|Any CPU.ActiveCfg = Release|Any CPU
		{9775077D-72B5-423F-9F73-3A43A45BB6DE}.Release|Any CPU.Build.0 = Release|Any CPU
		{A6B6F925-97A4-406E-9003-8A311E05076D}.Debug|Any CPU.ActiveCfg = Debug|Any CPU
		{A6B6F925-97A4-406E-9003-8A311E05076D}.Debug|Any CPU.Build.0 = Debug|Any CPU
		{A6B6F925-97A4-406E-9003-8A311E05076D}.Release|Any CPU.ActiveCfg = Release|Any CPU
		{A6B6F925-97A4-406E-9003-8A311E05076D}.Release|Any CPU.Build.0 = Release|Any CPU
		{677D2191-F939-48BE-A2DB-32EB5D8FB886}.Debug|Any CPU.ActiveCfg = Debug|Any CPU
		{677D2191-F939-48BE-A2DB-32EB5D8FB886}.Debug|Any CPU.Build.0 = Debug|Any CPU
		{677D2191-F939-48BE-A2DB-32EB5D8FB886}.Release|Any CPU.ActiveCfg = Release|Any CPU
		{677D2191-F939-48BE-A2DB-32EB5D8FB886}.Release|Any CPU.Build.0 = Release|Any CPU
		{C0D8EEF2-0707-46A8-A13E-0F99110C5817}.Debug|Any CPU.ActiveCfg = Debug|Any CPU
		{C0D8EEF2-0707-46A8-A13E-0F99110C5817}.Debug|Any CPU.Build.0 = Debug|Any CPU
		{C0D8EEF2-0707-46A8-A13E-0F99110C5817}.Release|Any CPU.ActiveCfg = Release|Any CPU
		{C0D8EEF2-0707-46A8-A13E-0F99110C5817}.Release|Any CPU.Build.0 = Release|Any CPU
		{07BADDA5-8937-4517-A3C4-8E1F26171428}.Debug|Any CPU.ActiveCfg = Debug|Any CPU
		{07BADDA5-8937-4517-A3C4-8E1F26171428}.Debug|Any CPU.Build.0 = Debug|Any CPU
		{07BADDA5-8937-4517-A3C4-8E1F26171428}.Release|Any CPU.ActiveCfg = Release|Any CPU
		{07BADDA5-8937-4517-A3C4-8E1F26171428}.Release|Any CPU.Build.0 = Release|Any CPU
		{D0728376-3230-40FB-96F6-1F99411AB2E5}.Debug|Any CPU.ActiveCfg = Debug|Any CPU
		{D0728376-3230-40FB-96F6-1F99411AB2E5}.Debug|Any CPU.Build.0 = Debug|Any CPU
		{D0728376-3230-40FB-96F6-1F99411AB2E5}.Release|Any CPU.ActiveCfg = Release|Any CPU
		{D0728376-3230-40FB-96F6-1F99411AB2E5}.Release|Any CPU.Build.0 = Release|Any CPU
		{A3432ADF-5E49-4B25-815B-84A20F22CEA6}.Debug|Any CPU.ActiveCfg = Debug|Any CPU
		{A3432ADF-5E49-4B25-815B-84A20F22CEA6}.Debug|Any CPU.Build.0 = Debug|Any CPU
		{A3432ADF-5E49-4B25-815B-84A20F22CEA6}.Release|Any CPU.ActiveCfg = Release|Any CPU
		{A3432ADF-5E49-4B25-815B-84A20F22CEA6}.Release|Any CPU.Build.0 = Release|Any CPU
		{8A776B4B-1FB6-4560-8359-805AF3598D70}.Debug|Any CPU.ActiveCfg = Debug|Any CPU
		{8A776B4B-1FB6-4560-8359-805AF3598D70}.Debug|Any CPU.Build.0 = Debug|Any CPU
		{8A776B4B-1FB6-4560-8359-805AF3598D70}.Release|Any CPU.ActiveCfg = Release|Any CPU
		{8A776B4B-1FB6-4560-8359-805AF3598D70}.Release|Any CPU.Build.0 = Release|Any CPU
		{68CFCCA9-B476-47E3-8A82-2DBDA687D92C}.Debug|Any CPU.ActiveCfg = Debug|Any CPU
		{68CFCCA9-B476-47E3-8A82-2DBDA687D92C}.Debug|Any CPU.Build.0 = Debug|Any CPU
		{68CFCCA9-B476-47E3-8A82-2DBDA687D92C}.Release|Any CPU.ActiveCfg = Release|Any CPU
		{68CFCCA9-B476-47E3-8A82-2DBDA687D92C}.Release|Any CPU.Build.0 = Release|Any CPU
		{B4D7B4BF-FE1A-4507-B2B2-A1A06B204644}.Debug|Any CPU.ActiveCfg = Debug|Any CPU
		{B4D7B4BF-FE1A-4507-B2B2-A1A06B204644}.Debug|Any CPU.Build.0 = Debug|Any CPU
		{B4D7B4BF-FE1A-4507-B2B2-A1A06B204644}.Release|Any CPU.ActiveCfg = Release|Any CPU
		{B4D7B4BF-FE1A-4507-B2B2-A1A06B204644}.Release|Any CPU.Build.0 = Release|Any CPU
		{A4C19A67-8A55-4625-BCB5-6E14C94CBB9D}.Debug|Any CPU.ActiveCfg = Debug|Any CPU
		{A4C19A67-8A55-4625-BCB5-6E14C94CBB9D}.Debug|Any CPU.Build.0 = Debug|Any CPU
		{A4C19A67-8A55-4625-BCB5-6E14C94CBB9D}.Release|Any CPU.ActiveCfg = Release|Any CPU
		{A4C19A67-8A55-4625-BCB5-6E14C94CBB9D}.Release|Any CPU.Build.0 = Release|Any CPU
		{2560323A-CB1B-4832-B592-7AD5035AFFEE}.Debug|Any CPU.ActiveCfg = Debug|Any CPU
		{2560323A-CB1B-4832-B592-7AD5035AFFEE}.Debug|Any CPU.Build.0 = Debug|Any CPU
		{2560323A-CB1B-4832-B592-7AD5035AFFEE}.Release|Any CPU.ActiveCfg = Release|Any CPU
		{2560323A-CB1B-4832-B592-7AD5035AFFEE}.Release|Any CPU.Build.0 = Release|Any CPU
		{AB8EB88C-A374-481E-955C-93BBA08C051C}.Debug|Any CPU.ActiveCfg = Debug|Any CPU
		{AB8EB88C-A374-481E-955C-93BBA08C051C}.Debug|Any CPU.Build.0 = Debug|Any CPU
		{AB8EB88C-A374-481E-955C-93BBA08C051C}.Release|Any CPU.ActiveCfg = Release|Any CPU
		{AB8EB88C-A374-481E-955C-93BBA08C051C}.Release|Any CPU.Build.0 = Release|Any CPU
		{311D8E02-2E72-4753-87BC-CC54C344F662}.Debug|Any CPU.ActiveCfg = Debug|Any CPU
		{311D8E02-2E72-4753-87BC-CC54C344F662}.Debug|Any CPU.Build.0 = Debug|Any CPU
		{311D8E02-2E72-4753-87BC-CC54C344F662}.Release|Any CPU.ActiveCfg = Release|Any CPU
		{311D8E02-2E72-4753-87BC-CC54C344F662}.Release|Any CPU.Build.0 = Release|Any CPU
		{E83D5C49-AF6F-42D4-B471-9D5278B6FC31}.Debug|Any CPU.ActiveCfg = Debug|Any CPU
		{E83D5C49-AF6F-42D4-B471-9D5278B6FC31}.Debug|Any CPU.Build.0 = Debug|Any CPU
		{E83D5C49-AF6F-42D4-B471-9D5278B6FC31}.Release|Any CPU.ActiveCfg = Release|Any CPU
		{E83D5C49-AF6F-42D4-B471-9D5278B6FC31}.Release|Any CPU.Build.0 = Release|Any CPU
		{640DDCB4-FE26-4EC5-853A-1C510E5D8FF8}.Debug|Any CPU.ActiveCfg = Debug|Any CPU
		{640DDCB4-FE26-4EC5-853A-1C510E5D8FF8}.Debug|Any CPU.Build.0 = Debug|Any CPU
		{640DDCB4-FE26-4EC5-853A-1C510E5D8FF8}.Release|Any CPU.ActiveCfg = Release|Any CPU
		{640DDCB4-FE26-4EC5-853A-1C510E5D8FF8}.Release|Any CPU.Build.0 = Release|Any CPU
	EndGlobalSection
	GlobalSection(SolutionProperties) = preSolution
		HideSolutionNode = FALSE
	EndGlobalSection
	GlobalSection(NestedProjects) = preSolution
		{86C0CA82-1934-4375-BD8E-47A9B68F5846} = {896DB6AE-6D24-49E7-90D9-0FD8A7207B34}
		{AA235792-C7C0-43B1-A225-163334E5DD8D} = {896DB6AE-6D24-49E7-90D9-0FD8A7207B34}
		{2D141C79-E89E-4EAA-B832-5F96A4E9EC83} = {896DB6AE-6D24-49E7-90D9-0FD8A7207B34}
		{ED1E0B22-AB45-438E-96A2-2AAC0CFDD038} = {896DB6AE-6D24-49E7-90D9-0FD8A7207B34}
		{EA9EA260-9F1C-4E12-AC54-1C204D0D4AEE} = {896DB6AE-6D24-49E7-90D9-0FD8A7207B34}
		{68CFCCA9-B476-47E3-8A82-2DBDA687D92C} = {45B2435A-C737-4977-9B80-3DAD995D35A7}
		{B4D7B4BF-FE1A-4507-B2B2-A1A06B204644} = {45B2435A-C737-4977-9B80-3DAD995D35A7}
		{A4C19A67-8A55-4625-BCB5-6E14C94CBB9D} = {45B2435A-C737-4977-9B80-3DAD995D35A7}
		{2560323A-CB1B-4832-B592-7AD5035AFFEE} = {45B2435A-C737-4977-9B80-3DAD995D35A7}
		{AB8EB88C-A374-481E-955C-93BBA08C051C} = {45B2435A-C737-4977-9B80-3DAD995D35A7}
		{311D8E02-2E72-4753-87BC-CC54C344F662} = {45B2435A-C737-4977-9B80-3DAD995D35A7}
	EndGlobalSection
	GlobalSection(ExtensibilityGlobals) = postSolution
		SolutionGuid = {5664C757-4577-4820-B183-84D83ECF357C}
	EndGlobalSection
EndGlobal
