
Microsoft Visual Studio Solution File, Format Version 12.00
# Visual Studio Version 17
VisualStudioVersion = 17.8.34330.188
MinimumVisualStudioVersion = 10.0.40219.1
Project("{FAE04EC0-301F-11D3-BF4B-00C04F79EFBC}") = "WinFormsApp1", "WinFormsApp1\WinFormsApp1.csproj", "{B691F2E7-229C-438B-B479-47C39B8CED10}"
EndProject
Project("{FAE04EC0-301F-11D3-BF4B-00C04F79EFBC}") = "ConsoleApp1", "ConsoleApp1\ConsoleApp1.csproj", "{001F48D6-96B9-4ECF-B7D0-C93D4A600140}"
EndProject
Project("{FAE04EC0-301F-11D3-BF4B-00C04F79EFBC}") = "ConsoleApp2", "ConsoleApp2\ConsoleApp2.csproj", "{030FF0DC-ADD3-4D49-A705-ADBECFCEB569}"
EndProject
Global
	GlobalSection(SolutionConfigurationPlatforms) = preSolution
		Debug|Any CPU = Debug|Any CPU
		Release|Any CPU = Release|Any CPU
	EndGlobalSection
	GlobalSection(ProjectConfigurationPlatforms) = postSolution
		{B691F2E7-229C-438B-B479-47C39B8CED10}.Debug|Any CPU.ActiveCfg = Debug|Any CPU
		{B691F2E7-229C-438B-B479-47C39B8CED10}.Debug|Any CPU.Build.0 = Debug|Any CPU
		{B691F2E7-229C-438B-B479-47C39B8CED10}.Release|Any CPU.ActiveCfg = Release|Any CPU
		{B691F2E7-229C-438B-B479-47C39B8CED10}.Release|Any CPU.Build.0 = Release|Any CPU
		{001F48D6-96B9-4ECF-B7D0-C93D4A600140}.Debug|Any CPU.ActiveCfg = Debug|Any CPU
		{001F48D6-96B9-4ECF-B7D0-C93D4A600140}.Debug|Any CPU.Build.0 = Debug|Any CPU
		{001F48D6-96B9-4ECF-B7D0-C93D4A600140}.Release|Any CPU.ActiveCfg = Release|Any CPU
		{001F48D6-96B9-4ECF-B7D0-C93D4A600140}.Release|Any CPU.Build.0 = Release|Any CPU
		{030FF0DC-ADD3-4D49-A705-ADBECFCEB569}.Debug|Any CPU.ActiveCfg = Debug|Any CPU
		{030FF0DC-ADD3-4D49-A705-ADBECFCEB569}.Debug|Any CPU.Build.0 = Debug|Any CPU
		{030FF0DC-ADD3-4D49-A705-ADBECFCEB569}.Release|Any CPU.ActiveCfg = Release|Any CPU
		{030FF0DC-ADD3-4D49-A705-ADBECFCEB569}.Release|Any CPU.Build.0 = Release|Any CPU
	EndGlobalSection
	GlobalSection(SolutionProperties) = preSolution
		HideSolutionNode = FALSE
	EndGlobalSection
	GlobalSection(ExtensibilityGlobals) = postSolution
		SolutionGuid = {20DA2247-D625-4920-98F0-97FCF3578C45}
	EndGlobalSection
EndGlobal
